<?xml version="1.0" encoding="utf-8"?>
<Project ToolsVersion="4.0" xmlns="http://schemas.microsoft.com/developer/msbuild/2003">
  <ItemGroup>
    <Filter Include="Source Files">
      <UniqueIdentifier>{4FC737F1-C7A5-4376-A066-2A32D752A2FF}</UniqueIdentifier>
      <Extensions>cpp;c;cc;cxx;def;odl;idl;hpj;bat;asm;asmx</Extensions>
    </Filter>
    <Filter Include="Header Files">
      <UniqueIdentifier>{93995380-89BD-4b04-88EB-625FBE52EBFB}</UniqueIdentifier>
      <Extensions>h;hh;hpp;hxx;hm;inl;inc;xsd</Extensions>
    </Filter>
    <Filter Include="Resource Files">
      <UniqueIdentifier>{67DA6AB6-F800-4c08-8B7A-83BB121AAD01}</UniqueIdentifier>
      <Extensions>rc;ico;cur;bmp;dlg;rc2;rct;bin;rgs;gif;jpg;jpeg;jpe;resx;tiff;tif;png;wav;mfcribbon-ms</Extensions>
    </Filter>
    <Filter Include="Header Files\Math">
      <UniqueIdentifier>{02fa3b0f-2eeb-4241-beff-a0e924da4606}</UniqueIdentifier>
    </Filter>
    <Filter Include="Header Files\Math\Matrix4">
      <UniqueIdentifier>{57e1328d-4c88-4d5a-a3dc-e99a34821e09}</UniqueIdentifier>
    </Filter>
    <Filter Include="Source Files\Math">
      <UniqueIdentifier>{8e3f5740-ea20-424f-8a37-453a34a9f223}</UniqueIdentifier>
    </Filter>
    <Filter Include="Source Files\Math\Matrix4">
      <UniqueIdentifier>{037c2465-0ec6-496d-a7b2-39e0a1736116}</UniqueIdentifier>
    </Filter>
  </ItemGroup>
  <ItemGroup>
    <ClInclude Include="include\oePlatformTypes.h">
      <Filter>Header Files</Filter>
    </ClInclude>
    <ClInclude Include="include\oeTimer.h">
      <Filter>Header Files</Filter>
    </ClInclude>
    <ClInclude Include="include\oePrerequisites_Utilities.h">
      <Filter>Header Files</Filter>
    </ClInclude>
    <ClInclude Include="include\oePlatfomDefines_Utilities.h">
      <Filter>Header Files</Filter>
    </ClInclude>
    <ClInclude Include="include\oePlatformMath.h">
      <Filter>Header Files\Math</Filter>
    </ClInclude>
    <ClInclude Include="include\oeVector4.h">
      <Filter>Header Files\Math</Filter>
    </ClInclude>
    <ClInclude Include="include\oeMatrix4D.h">
      <Filter>Header Files\Math\Matrix4</Filter>
    </ClInclude>
  </ItemGroup>
  <ItemGroup>
    <ClCompile Include="src\oePlatformTypes.cpp">
      <Filter>Source Files</Filter>
    </ClCompile>
    <ClCompile Include="src\win32\win32_oeTimer.cpp">
      <Filter>Source Files</Filter>
    </ClCompile>
    <ClCompile Include="src\oePlatformMath.cpp">
      <Filter>Source Files</Filter>
    </ClCompile>
    <ClCompile Include="src\oeMatrix4D.cpp">
      <Filter>Source Files\Math\Matrix4</Filter>
    </ClCompile>
  </ItemGroup>
</Project>